
Microsoft Visual Studio Solution File, Format Version 12.00
# Visual Studio 15
VisualStudioVersion = 15.0.26430.13
MinimumVisualStudioVersion = 10.0.40219.1
Project("{9A19103F-16F7-4668-BE54-9A1E7A4F7556}") = "DependencyInjection", "DependencyInjection\DependencyInjection.csproj", "{CF8ED003-F528-40DC-96F2-C6E6C41B4150}"
EndProject
Project("{9A19103F-16F7-4668-BE54-9A1E7A4F7556}") = "Tests", "DependencyInjection.Tests\Tests.csproj", "{53F660D9-2D23-461D-AFC7-12C460F3A5B9}"
EndProject
Global
	GlobalSection(SolutionConfigurationPlatforms) = preSolution
		Debug|Any CPU = Debug|Any CPU
		Release|Any CPU = Release|Any CPU
	EndGlobalSection
	GlobalSection(ProjectConfigurationPlatforms) = postSolution
		{CF8ED003-F528-40DC-96F2-C6E6C41B4150}.Debug|Any CPU.ActiveCfg = Debug|Any CPU
		{CF8ED003-F528-40DC-96F2-C6E6C41B4150}.Debug|Any CPU.Build.0 = Debug|Any CPU
		{CF8ED003-F528-40DC-96F2-C6E6C41B4150}.Release|Any CPU.ActiveCfg = Release|Any CPU
		{CF8ED003-F528-40DC-96F2-C6E6C41B4150}.Release|Any CPU.Build.0 = Release|Any CPU
		{53F660D9-2D23-461D-AFC7-12C460F3A5B9}.Debug|Any CPU.ActiveCfg = Debug|Any CPU
		{53F660D9-2D23-461D-AFC7-12C460F3A5B9}.Debug|Any CPU.Build.0 = Debug|Any CPU
		{53F660D9-2D23-461D-AFC7-12C460F3A5B9}.Release|Any CPU.ActiveCfg = Release|Any CPU
		{53F660D9-2D23-461D-AFC7-12C460F3A5B9}.Release|Any CPU.Build.0 = Release|Any CPU
	EndGlobalSection
	GlobalSection(SolutionProperties) = preSolution
		HideSolutionNode = FALSE
	EndGlobalSection
EndGlobal
